# THIS IS AN AUTOGENERATED FILE. DO NOT EDIT THIS FILE DIRECTLY.
# yarn lockfile v1


"@types/node@^17.0.1":
  version "17.0.5"
  resolved "https://registry.yarnpkg.com/@types/node/-/node-17.0.5.tgz#57ca67ec4e57ad9e4ef5a6bab48a15387a1c83e0"
  integrity sha512-w3mrvNXLeDYV1GKTZorGJQivK6XLCoGwpnyJFbJVK/aTBQUxOCaa/GlFAAN3OTDFcb7h5tiFG+YXCO2By+riZw==

dotenv@^10.0.0:
  version "10.0.0"
  resolved "https://registry.yarnpkg.com/dotenv/-/dotenv-10.0.0.tgz#3d4227b8fb95f81096cdd2b66653fb2c7085ba81"
  integrity sha512-rlBi9d8jpv9Sf1klPjNfFAuWDjKLwTIJJ/VxtoTwIR6hnZxcEOQCZg2oIL3MWBYw5GpUDKOEnND7LXTbIpQ03Q==

ws@^8.4.0:
  version "8.4.0"
  resolved "https://registry.yarnpkg.com/ws/-/ws-8.4.0.tgz#f05e982a0a88c604080e8581576e2a063802bed6"
  integrity sha512-IHVsKe2pjajSUIl4KYMQOdlyliovpEPquKkqbwswulszzI7r0SfQrxnXdWAEqOlDCLrVSJzo+O1hAwdog2sKSQ==
